// !$*UTF8*$!
{
	archiveVersion = 1;
	classes = {
	};
	objectVersion = 77;
	objects = {

/* Begin PBXBuildFile section */
		0A0000000000000000000060 /* TransKeyKeyboard.appex in Embed Foundation Extensions */ = {isa = PBXBuildFile; fileRef = 0A0000000000000000000031 /* TransKeyKeyboard.appex */; settings = {ATTRIBUTES = (RemoveHeadersOnCopy, ); }; };
		0A0000000000000000000061 /* TransKeyCore in Frameworks */ = {isa = PBXBuildFile; productRef = 0A0000000000000000000071 /* TransKeyCore */; };
		0A0000000000000000000062 /* TransKeyCore in Frameworks */ = {isa = PBXBuildFile; productRef = 0A0000000000000000000072 /* TransKeyCore */; };
/* End PBXBuildFile section */

/* Begin PBXContainerItemProxy section */
		0A0000000000000000000080 /* PBXContainerItemProxy */ = {
			isa = PBXContainerItemProxy;
			containerPortal = 0A0000000000000000000001 /* Project object */;
			proxyType = 1;
			remoteGlobalIDString = 0A0000000000000000000041;
			remoteInfo = TransKeyKeyboard;
		};
/* End PBXContainerItemProxy section */

/* Begin PBXCopyFilesBuildPhase section */
		0A0000000000000000000053 /* Embed Foundation Extensions */ = {
			isa = PBXCopyFilesBuildPhase;
			buildActionMask = 2147483647;
			dstPath = "";
			dstSubfolderSpec = 13;
			files = (
				0A0000000000000000000060 /* TransKeyKeyboard.appex in Embed Foundation Extensions */,
			);
			name = "Embed Foundation Extensions";
			runOnlyForDeploymentPostprocessing = 0;
		};
/* End PBXCopyFilesBuildPhase section */

/* Begin PBXFileReference section */
		0A0000000000000000000030 /* TransKey.app */ = {isa = PBXFileReference; explicitFileType = wrapper.application; includeInIndex = 0; path = TransKey.app; sourceTree = BUILT_PRODUCTS_DIR; };
		0A0000000000000000000031 /* TransKeyKeyboard.appex */ = {isa = PBXFileReference; explicitFileType = "wrapper.app-extension"; includeInIndex = 0; path = TransKeyKeyboard.appex; sourceTree = BUILT_PRODUCTS_DIR; };
		0A0000000000000000000032 /* Keyboard-Info.plist */ = {isa = PBXFileReference; lastKnownFileType = text.plist.xml; path = "Keyboard-Info.plist"; sourceTree = "<group>"; };
		0A0000000000000000000033 /* TransKey.entitlements */ = {isa = PBXFileReference; lastKnownFileType = text.plist.entitlements; path = TransKey.entitlements; sourceTree = "<group>"; };
		0A0000000000000000000034 /* TransKeyKeyboard.entitlements */ = {isa = PBXFileReference; lastKnownFileType = text.plist.entitlements; path = TransKeyKeyboard.entitlements; sourceTree = "<group>"; };
/* End PBXFileReference section */

/* Begin PBXFileSystemSynchronizedRootGroup section */
		0A0000000000000000000020 /* App */ = {
			isa = PBXFileSystemSynchronizedRootGroup;
			path = App;
			sourceTree = "<group>";
		};
		0A0000000000000000000021 /* Keyboard */ = {
			isa = PBXFileSystemSynchronizedRootGroup;
			path = Keyboard;
			sourceTree = "<group>";
		};
/* End PBXFileSystemSynchronizedRootGroup section */

/* Begin PBXFrameworksBuildPhase section */
		0A0000000000000000000051 /* Frameworks */ = {
			isa = PBXFrameworksBuildPhase;
			buildActionMask = 2147483647;
			files = (
				0A0000000000000000000061 /* TransKeyCore in Frameworks */,
			);
			runOnlyForDeploymentPostprocessing = 0;
		};
		0A0000000000000000000055 /* Frameworks */ = {
			isa = PBXFrameworksBuildPhase;
			buildActionMask = 2147483647;
			files = (
				0A0000000000000000000062 /* TransKeyCore in Frameworks */,
			);
			runOnlyForDeploymentPostprocessing = 0;
		};
/* End PBXFrameworksBuildPhase section */

/* Begin PBXGroup section */
		0A0000000000000000000010 = {
			isa = PBXGroup;
			children = (
				0A0000000000000000000020 /* App */,
				0A0000000000000000000021 /* Keyboard */,
				0A0000000000000000000012 /* Config */,
				0A0000000000000000000011 /* Products */,
			);
			sourceTree = "<group>";
		};
		0A0000000000000000000011 /* Products */ = {
			isa = PBXGroup;
			children = (
				0A0000000000000000000030 /* TransKey.app */,
				0A0000000000000000000031 /* TransKeyKeyboard.appex */,
			);
			name = Products;
			sourceTree = "<group>";
		};
		0A0000000000000000000012 /* Config */ = {
			isa = PBXGroup;
			children = (
				0A0000000000000000000032 /* Keyboard-Info.plist */,
				0A0000000000000000000033 /* TransKey.entitlements */,
				0A0000000000000000000034 /* TransKeyKeyboard.entitlements */,
			);
			path = Config;
			sourceTree = "<group>";
		};
/* End PBXGroup section */

/* Begin PBXNativeTarget section */
		0A0000000000000000000040 /* TransKey */ = {
			isa = PBXNativeTarget;
			buildConfigurationList = 0A0000000000000000000091 /* Build configuration list for PBXNativeTarget "TransKey" */;
			buildPhases = (
				0A0000000000000000000050 /* Sources */,
				0A0000000000000000000051 /* Frameworks */,
				0A0000000000000000000052 /* Resources */,
				0A0000000000000000000053 /* Embed Foundation Extensions */,
			);
			buildRules = (
			);
			dependencies = (
				0A0000000000000000000081 /* PBXTargetDependency */,
			);
			fileSystemSynchronizedGroups = (
				0A0000000000000000000020 /* App */,
			);
			name = TransKey;
			packageProductDependencies = (
				0A0000000000000000000071 /* TransKeyCore */,
			);
			productName = TransKey;
			productReference = 0A0000000000000000000030 /* TransKey.app */;
			productType = "com.apple.product-type.application";
		};
		0A0000000000000000000041 /* TransKeyKeyboard */ = {
			isa = PBXNativeTarget;
			buildConfigurationList = 0A0000000000000000000092 /* Build configuration list for PBXNativeTarget "TransKeyKeyboard" */;
			buildPhases = (
				0A0000000000000000000054 /* Sources */,
				0A0000000000000000000055 /* Frameworks */,
				0A0000000000000000000056 /* Resources */,
			);
			buildRules = (
			);
			dependencies = (
			);
			fileSystemSynchronizedGroups = (
				0A0000000000000000000021 /* Keyboard */,
			);
			name = TransKeyKeyboard;
			packageProductDependencies = (
				0A0000000000000000000072 /* TransKeyCore */,
			);
			productName = TransKeyKeyboard;
			productReference = 0A0000000000000000000031 /* TransKeyKeyboard.appex */;
			productType = "com.apple.product-type.app-extension";
		};
/* End PBXNativeTarget section */

/* Begin PBXProject section */
		0A0000000000000000000001 /* Project object */ = {
			isa = PBXProject;
			attributes = {
				BuildIndependentTargetsInParallel = 1;
				LastSwiftUpdateCheck = 2700;
				LastUpgradeCheck = 2700;
				TargetAttributes = {
					0A0000000000000000000040 = {
						CreatedOnToolsVersion = 27.0;
					};
					0A0000000000000000000041 = {
						CreatedOnToolsVersion = 27.0;
					};
				};
			};
			buildConfigurationList = 0A0000000000000000000090 /* Build configuration list for PBXProject "TransKey" */;
			developmentRegion = ko;
			hasScannedForEncodings = 0;
			knownRegions = (
				ko,
				en,
				Base,
			);
			mainGroup = 0A0000000000000000000010;
			minimizedProjectReferenceProxies = 1;
			packageReferences = (
				0A0000000000000000000070 /* XCLocalSwiftPackageReference "Packages/TransKeyCore" */,
			);
			preferredProjectObjectVersion = 77;
			productRefGroup = 0A0000000000000000000011 /* Products */;
			projectDirPath = "";
			projectRoot = "";
			targets = (
				0A0000000000000000000040 /* TransKey */,
				0A0000000000000000000041 /* TransKeyKeyboard */,
			);
		};
/* End PBXProject section */

/* Begin PBXResourcesBuildPhase section */
		0A0000000000000000000052 /* Resources */ = {
			isa = PBXResourcesBuildPhase;
			buildActionMask = 2147483647;
			files = (
			);
			runOnlyForDeploymentPostprocessing = 0;
		};
		0A0000000000000000000056 /* Resources */ = {
			isa = PBXResourcesBuildPhase;
			buildActionMask = 2147483647;
			files = (
			);
			runOnlyForDeploymentPostprocessing = 0;
		};
/* End PBXResourcesBuildPhase section */

/* Begin PBXSourcesBuildPhase section */
		0A0000000000000000000050 /* Sources */ = {
			isa = PBXSourcesBuildPhase;
			buildActionMask = 2147483647;
			files = (
			);
			runOnlyForDeploymentPostprocessing = 0;
		};
		0A0000000000000000000054 /* Sources */ = {
			isa = PBXSourcesBuildPhase;
			buildActionMask = 2147483647;
			files = (
			);
			runOnlyForDeploymentPostprocessing = 0;
		};
/* End PBXSourcesBuildPhase section */

/* Begin PBXTargetDependency section */
		0A0000000000000000000081 /* PBXTargetDependency */ = {
			isa = PBXTargetDependency;
			target = 0A0000000000000000000041 /* TransKeyKeyboard */;
			targetProxy = 0A0000000000000000000080 /* PBXContainerItemProxy */;
		};
/* End PBXTargetDependency section */

/* Begin XCBuildConfiguration section */
		0A00000000000000000000A0 /* Debug */ = {
			isa = XCBuildConfiguration;
			buildSettings = {
				ALWAYS_SEARCH_USER_PATHS = NO;
				ASSETCATALOG_COMPILER_GENERATE_SWIFT_ASSET_SYMBOL_EXTENSIONS = YES;
				CLANG_ANALYZER_NONNULL = YES;
				CLANG_ENABLE_MODULES = YES;
				CLANG_ENABLE_OBJC_ARC = YES;
				CLANG_WARN_DOCUMENTATION_COMMENTS = YES;
				CLANG_WARN_UNGUARDED_AVAILABILITY = YES_AGGRESSIVE;
				COPY_PHASE_STRIP = NO;
				DEBUG_INFORMATION_FORMAT = dwarf;
				DEVELOPMENT_TEAM = "";
				ENABLE_STRICT_OBJC_MSGSEND = YES;
				ENABLE_TESTABILITY = YES;
				ENABLE_USER_SCRIPT_SANDBOXING = YES;
				GCC_C_LANGUAGE_STANDARD = gnu17;
				GCC_DYNAMIC_NO_PIC = NO;
				GCC_NO_COMMON_BLOCKS = YES;
				GCC_OPTIMIZATION_LEVEL = 0;
				GCC_PREPROCESSOR_DEFINITIONS = (
					"DEBUG=1",
					"$(inherited)",
				);
				IPHONEOS_DEPLOYMENT_TARGET = 26.0;
				LOCALIZATION_PREFERS_STRING_CATALOGS = YES;
				MTL_ENABLE_DEBUG_INFO = INCLUDE_SOURCE;
				ONLY_ACTIVE_ARCH = YES;
				SDKROOT = iphoneos;
				STRING_CATALOG_GENERATE_SYMBOLS = YES;
				SWIFT_ACTIVE_COMPILATION_CONDITIONS = "DEBUG $(inherited)";
				SWIFT_EMIT_LOC_STRINGS = YES;
				SWIFT_OPTIMIZATION_LEVEL = "-Onone";
				SWIFT_APPROACHABLE_CONCURRENCY = YES;
				SWIFT_VERSION = 6.0;
			};
			name = Debug;
		};
		0A00000000000000000000A1 /* Release */ = {
			isa = XCBuildConfiguration;
			buildSettings = {
				ALWAYS_SEARCH_USER_PATHS = NO;
				ASSETCATALOG_COMPILER_GENERATE_SWIFT_ASSET_SYMBOL_EXTENSIONS = YES;
				CLANG_ANALYZER_NONNULL = YES;
				CLANG_ENABLE_MODULES = YES;
				CLANG_ENABLE_OBJC_ARC = YES;
				CLANG_WARN_DOCUMENTATION_COMMENTS = YES;
				CLANG_WARN_UNGUARDED_AVAILABILITY = YES_AGGRESSIVE;
				COPY_PHASE_STRIP = NO;
				DEBUG_INFORMATION_FORMAT = "dwarf-with-dsym";
				DEVELOPMENT_TEAM = "";
				ENABLE_NS_ASSERTIONS = NO;
				ENABLE_STRICT_OBJC_MSGSEND = YES;
				ENABLE_USER_SCRIPT_SANDBOXING = YES;
				GCC_C_LANGUAGE_STANDARD = gnu17;
				GCC_NO_COMMON_BLOCKS = YES;
				IPHONEOS_DEPLOYMENT_TARGET = 26.0;
				LOCALIZATION_PREFERS_STRING_CATALOGS = YES;
				MTL_ENABLE_DEBUG_INFO = NO;
				SDKROOT = iphoneos;
				STRING_CATALOG_GENERATE_SYMBOLS = YES;
				SWIFT_COMPILATION_MODE = wholemodule;
				SWIFT_EMIT_LOC_STRINGS = YES;
				SWIFT_APPROACHABLE_CONCURRENCY = YES;
				SWIFT_VERSION = 6.0;
				VALIDATE_PRODUCT = YES;
			};
			name = Release;
		};
		0A00000000000000000000A2 /* Debug */ = {
			isa = XCBuildConfiguration;
			buildSettings = {
				ASSETCATALOG_COMPILER_APPICON_NAME = AppIcon;
				ASSETCATALOG_COMPILER_GLOBAL_ACCENT_COLOR_NAME = AccentColor;
				CODE_SIGN_ENTITLEMENTS = Config/TransKey.entitlements;
				CODE_SIGN_STYLE = Automatic;
				CURRENT_PROJECT_VERSION = 1;
				ENABLE_PREVIEWS = YES;
				GENERATE_INFOPLIST_FILE = YES;
				INFOPLIST_KEY_CFBundleDisplayName = TransKey;
				INFOPLIST_KEY_LSApplicationCategoryType = "public.app-category.productivity";
				INFOPLIST_KEY_UIApplicationSceneManifest_Generation = YES;
				INFOPLIST_KEY_UIApplicationSupportsIndirectInputEvents = YES;
				INFOPLIST_KEY_UILaunchScreen_Generation = YES;
				INFOPLIST_KEY_UISupportedInterfaceOrientations_iPhone = "UIInterfaceOrientationPortrait UIInterfaceOrientationLandscapeLeft UIInterfaceOrientationLandscapeRight";
				LD_RUNPATH_SEARCH_PATHS = (
					"$(inherited)",
					"@executable_path/Frameworks",
				);
				MARKETING_VERSION = 1.0;
				PRODUCT_BUNDLE_IDENTIFIER = com.example.transkey;
				PRODUCT_NAME = "$(TARGET_NAME)";
				SWIFT_EMIT_LOC_STRINGS = YES;
				TARGETED_DEVICE_FAMILY = 1;
			};
			name = Debug;
		};
		0A00000000000000000000A3 /* Release */ = {
			isa = XCBuildConfiguration;
			buildSettings = {
				ASSETCATALOG_COMPILER_APPICON_NAME = AppIcon;
				ASSETCATALOG_COMPILER_GLOBAL_ACCENT_COLOR_NAME = AccentColor;
				CODE_SIGN_ENTITLEMENTS = Config/TransKey.entitlements;
				CODE_SIGN_STYLE = Automatic;
				CURRENT_PROJECT_VERSION = 1;
				ENABLE_PREVIEWS = YES;
				GENERATE_INFOPLIST_FILE = YES;
				INFOPLIST_KEY_CFBundleDisplayName = TransKey;
				INFOPLIST_KEY_LSApplicationCategoryType = "public.app-category.productivity";
				INFOPLIST_KEY_UIApplicationSceneManifest_Generation = YES;
				INFOPLIST_KEY_UIApplicationSupportsIndirectInputEvents = YES;
				INFOPLIST_KEY_UILaunchScreen_Generation = YES;
				INFOPLIST_KEY_UISupportedInterfaceOrientations_iPhone = "UIInterfaceOrientationPortrait UIInterfaceOrientationLandscapeLeft UIInterfaceOrientationLandscapeRight";
				LD_RUNPATH_SEARCH_PATHS = (
					"$(inherited)",
					"@executable_path/Frameworks",
				);
				MARKETING_VERSION = 1.0;
				PRODUCT_BUNDLE_IDENTIFIER = com.example.transkey;
				PRODUCT_NAME = "$(TARGET_NAME)";
				SWIFT_EMIT_LOC_STRINGS = YES;
				TARGETED_DEVICE_FAMILY = 1;
			};
			name = Release;
		};
		0A00000000000000000000A4 /* Debug */ = {
			isa = XCBuildConfiguration;
			buildSettings = {
				APPLICATION_EXTENSION_API_ONLY = YES;
				CODE_SIGN_ENTITLEMENTS = Config/TransKeyKeyboard.entitlements;
				CODE_SIGN_STYLE = Automatic;
				CURRENT_PROJECT_VERSION = 1;
				GENERATE_INFOPLIST_FILE = YES;
				INFOPLIST_FILE = "Config/Keyboard-Info.plist";
				INFOPLIST_KEY_CFBundleDisplayName = TransKey;
				LD_RUNPATH_SEARCH_PATHS = (
					"$(inherited)",
					"@executable_path/Frameworks",
					"@executable_path/../../Frameworks",
				);
				MARKETING_VERSION = 1.0;
				PRODUCT_BUNDLE_IDENTIFIER = com.example.transkey.keyboard;
				PRODUCT_NAME = "$(TARGET_NAME)";
				SKIP_INSTALL = YES;
				SWIFT_EMIT_LOC_STRINGS = YES;
				TARGETED_DEVICE_FAMILY = 1;
			};
			name = Debug;
		};
		0A00000000000000000000A5 /* Release */ = {
			isa = XCBuildConfiguration;
			buildSettings = {
				APPLICATION_EXTENSION_API_ONLY = YES;
				CODE_SIGN_ENTITLEMENTS = Config/TransKeyKeyboard.entitlements;
				CODE_SIGN_STYLE = Automatic;
				CURRENT_PROJECT_VERSION = 1;
				GENERATE_INFOPLIST_FILE = YES;
				INFOPLIST_FILE = "Config/Keyboard-Info.plist";
				INFOPLIST_KEY_CFBundleDisplayName = TransKey;
				LD_RUNPATH_SEARCH_PATHS = (
					"$(inherited)",
					"@executable_path/Frameworks",
					"@executable_path/../../Frameworks",
				);
				MARKETING_VERSION = 1.0;
				PRODUCT_BUNDLE_IDENTIFIER = com.example.transkey.keyboard;
				PRODUCT_NAME = "$(TARGET_NAME)";
				SKIP_INSTALL = YES;
				SWIFT_EMIT_LOC_STRINGS = YES;
				TARGETED_DEVICE_FAMILY = 1;
			};
			name = Release;
		};
/* End XCBuildConfiguration section */

/* Begin XCConfigurationList section */
		0A0000000000000000000090 /* Build configuration list for PBXProject "TransKey" */ = {
			isa = XCConfigurationList;
			buildConfigurations = (
				0A00000000000000000000A0 /* Debug */,
				0A00000000000000000000A1 /* Release */,
			);
			defaultConfigurationIsVisible = 0;
			defaultConfigurationName = Release;
		};
		0A0000000000000000000091 /* Build configuration list for PBXNativeTarget "TransKey" */ = {
			isa = XCConfigurationList;
			buildConfigurations = (
				0A00000000000000000000A2 /* Debug */,
				0A00000000000000000000A3 /* Release */,
			);
			defaultConfigurationIsVisible = 0;
			defaultConfigurationName = Release;
		};
		0A0000000000000000000092 /* Build configuration list for PBXNativeTarget "TransKeyKeyboard" */ = {
			isa = XCConfigurationList;
			buildConfigurations = (
				0A00000000000000000000A4 /* Debug */,
				0A00000000000000000000A5 /* Release */,
			);
			defaultConfigurationIsVisible = 0;
			defaultConfigurationName = Release;
		};
/* End XCConfigurationList section */

/* Begin XCLocalSwiftPackageReference section */
		0A0000000000000000000070 /* XCLocalSwiftPackageReference "Packages/TransKeyCore" */ = {
			isa = XCLocalSwiftPackageReference;
			relativePath = Packages/TransKeyCore;
		};
/* End XCLocalSwiftPackageReference section */

/* Begin XCSwiftPackageProductDependency section */
		0A0000000000000000000071 /* TransKeyCore */ = {
			isa = XCSwiftPackageProductDependency;
			package = 0A0000000000000000000070 /* XCLocalSwiftPackageReference "Packages/TransKeyCore" */;
			productName = TransKeyCore;
		};
		0A0000000000000000000072 /* TransKeyCore */ = {
			isa = XCSwiftPackageProductDependency;
			package = 0A0000000000000000000070 /* XCLocalSwiftPackageReference "Packages/TransKeyCore" */;
			productName = TransKeyCore;
		};
/* End XCSwiftPackageProductDependency section */
	};
	rootObject = 0A0000000000000000000001 /* Project object */;
}
